PODS:
  - Alamofire (4.8.2)
  - AlamofireImage (3.5.2):
    - Alamofire (~> 4.8)
  - ImageSource (2.2.1):
    - ImageSource/AlamofireImage (= 2.2.1)
    - ImageSource/Core (= 2.2.1)
    - ImageSource/Local (= 2.2.1)
    - ImageSource/PHAsset (= 2.2.1)
    - ImageSource/Remote (= 2.2.1)
  - ImageSource/AlamofireImage (2.2.1):
    - AlamofireImage (~> 3.5.0)
    - ImageSource/Remote
  - ImageSource/Core (2.2.1)
  - ImageSource/Local (2.2.1):
    - ImageSource/Core
  - ImageSource/PHAsset (2.2.1):
    - ImageSource/Core
  - ImageSource/Remote (2.2.1):
    - ImageSource/Core
    - ImageSource/UIKit
  - ImageSource/UIKit (2.2.1):
    - ImageSource/Core

DEPENDENCIES:
  - ImageSource (from `../`)

SPEC REPOS:
  https://github.com/cocoapods/specs.git:
    - Alamofire
    - AlamofireImage

EXTERNAL SOURCES:
  ImageSource:
    :path: "../"

SPEC CHECKSUMS:
  Alamofire: ae5c501addb7afdbb13687d7f2f722c78734c2d3
  AlamofireImage: 63cfe3baf1370be6c498149687cf6db3e3b00999
  ImageSource: 67be13069bbad2c4e37c133701f25e84e22dbf05

PODFILE CHECKSUM: 47228225d977e9b8da6c45ada0d3866a29763186

COCOAPODS: 1.5.3
