PODS:
  - Alamofire (5.9.1)
  - AlamofireImage (4.3.0):
    - Alamofire (~> 5.8)
  - ImageSource (4.2.0):
    - ImageSource/AlamofireImage (= 4.2.0)
    - ImageSource/Core (= 4.2.0)
    - ImageSource/Local (= 4.2.0)
    - ImageSource/PHAsset (= 4.2.0)
    - ImageSource/Remote (= 4.2.0)
  - ImageSource/AlamofireImage (4.2.0):
    - AlamofireImage (~> 4.3)
    - ImageSource/Remote
  - ImageSource/Core (4.2.0)
  - ImageSource/Local (4.2.0):
    - ImageSource/Core
  - ImageSource/PHAsset (4.2.0):
    - ImageSource/Core
  - ImageSource/Remote (4.2.0):
    - ImageSource/Core
    - ImageSource/UIKit
  - ImageSource/UIKit (4.2.0):
    - ImageSource/Core

DEPENDENCIES:
  - ImageSource (from `../`)

SPEC REPOS:
  trunk:
    - Alamofire
    - AlamofireImage

EXTERNAL SOURCES:
  ImageSource:
    :path: "../"

SPEC CHECKSUMS:
  Alamofire: f36a35757af4587d8e4f4bfa223ad10be2422b8c
  AlamofireImage: 843953fa97bee5f561cf05d83abd759e590b068d
  ImageSource: ba86fd45f4ccf0e69ea7669abe14af2e5c16d789

PODFILE CHECKSUM: ab21444bfbe11aa0c569e5dc436b138fbdee8efc

COCOAPODS: 1.15.2
