PODS:
  - Alamofire (4.8.1)
  - AlamofireImage (3.4.0):
    - Alamofire (~> 4.7)
  - ImageSource (3.0.0):
    - ImageSource/AlamofireImage (= 3.0.0)
    - ImageSource/Core (= 3.0.0)
    - ImageSource/Local (= 3.0.0)
    - ImageSource/PHAsset (= 3.0.0)
    - ImageSource/Remote (= 3.0.0)
  - ImageSource/AlamofireImage (3.0.0):
    - AlamofireImage (= 3.4.0)
    - ImageSource/Remote
  - ImageSource/Core (3.0.0)
  - ImageSource/Local (3.0.0):
    - ImageSource/Core
  - ImageSource/PHAsset (3.0.0):
    - ImageSource/Core
  - ImageSource/Remote (3.0.0):
    - ImageSource/Core
    - ImageSource/UIKit
  - ImageSource/UIKit (3.0.0):
    - ImageSource/Core

DEPENDENCIES:
  - ImageSource (from `../`)

SPEC REPOS:
  https://github.com/cocoapods/specs.git:
    - Alamofire
    - AlamofireImage

EXTERNAL SOURCES:
  ImageSource:
    :path: "../"

SPEC CHECKSUMS:
  Alamofire: 16ce2c353fb72865124ddae8a57c5942388f4f11
  AlamofireImage: 5f79836de27236819b13b27d0c97be6c205976fe
  ImageSource: 54a92fdb1b41bd97eefb972a6af8fac04792814e

PODFILE CHECKSUM: e6096bdcf2520ae5908bfc725a72bd76f971a1c6

COCOAPODS: 1.5.3
